
Microsoft Visual Studio Solution File, Format Version 12.00
# Visual Studio Version 16
VisualStudioVersion = 16.0.810.22
MinimumVisualStudioVersion = 10.0.40219.1
Project("{FAE04EC0-301F-11D3-BF4B-00C04F79EFBC}") = "sing.song", "sing.song\sing.song.csproj", "{169D1A13-81E4-4ACA-A5C2-02884400483B}"
EndProject
Global
	GlobalSection(SolutionConfigurationPlatforms) = preSolution
		Debug|anycpu = Debug|anycpu
		Release|anycpu = Release|anycpu
	EndGlobalSection
	GlobalSection(ProjectConfigurationPlatforms) = postSolution
		{169D1A13-81E4-4ACA-A5C2-02884400483B}.Debug|anycpu.ActiveCfg = Debug|anycpu
		{169D1A13-81E4-4ACA-A5C2-02884400483B}.Debug|anycpu.Build.0 = Debug|anycpu
		{169D1A13-81E4-4ACA-A5C2-02884400483B}.Release|anycpu.ActiveCfg = Release|anycpu
		{169D1A13-81E4-4ACA-A5C2-02884400483B}.Release|anycpu.Build.0 = Release|anycpu
	EndGlobalSection
	GlobalSection(SolutionProperties) = preSolution
		HideSolutionNode = FALSE
	EndGlobalSection
	GlobalSection(ExtensibilityGlobals) = postSolution
		SolutionGuid = {07F13DA4-DFAB-40B1-A428-6AA9705F9A50}
	EndGlobalSection
EndGlobal
